
Microsoft Visual Studio Solution File, Format Version 12.00
# Visual Studio Version 17
VisualStudioVersion = 17.1.32210.238
MinimumVisualStudioVersion = 10.0.40219.1
Project("{FAE04EC0-301F-11D3-BF4B-00C04F79EFBC}") = "ConsoleApp2", "ConsoleApp2.csproj", "{95A4A695-6D23-4685-8E29-0CAE9DF9F422}"
EndProject
Global
	GlobalSection(SolutionConfigurationPlatforms) = preSolution
		Debug|Any CPU = Debug|Any CPU
		Release|Any CPU = Release|Any CPU
	EndGlobalSection
	GlobalSection(ProjectConfigurationPlatforms) = postSolution
		{95A4A695-6D23-4685-8E29-0CAE9DF9F422}.Debug|Any CPU.ActiveCfg = Debug|Any CPU
		{95A4A695-6D23-4685-8E29-0CAE9DF9F422}.Debug|Any CPU.Build.0 = Debug|Any CPU
		{95A4A695-6D23-4685-8E29-0CAE9DF9F422}.Release|Any CPU.ActiveCfg = Release|Any CPU
		{95A4A695-6D23-4685-8E29-0CAE9DF9F422}.Release|Any CPU.Build.0 = Release|Any CPU
	EndGlobalSection
	GlobalSection(SolutionProperties) = preSolution
		HideSolutionNode = FALSE
	EndGlobalSection
	GlobalSection(ExtensibilityGlobals) = postSolution
		SolutionGuid = {E88D22C2-16A8-46DA-9549-1C8BB1FAD495}
	EndGlobalSection
EndGlobal
